PODS:
  - AwaitKit (5.0.0):
    - PromiseKit (~> 6)
  - OSC (3.0.1):
    - AwaitKit
    - PromiseKit
    - SwiftyyJSON
  - PromiseKit (6.2.4):
    - PromiseKit/CorePromise (= 6.2.4)
    - PromiseKit/Foundation (= 6.2.4)
    - PromiseKit/UIKit (= 6.2.4)
  - PromiseKit/CorePromise (6.2.4)
  - PromiseKit/Foundation (6.2.4):
    - PromiseKit/CorePromise
  - PromiseKit/UIKit (6.2.4):
    - PromiseKit/CorePromise
  - SwiftyyJSON (1.0.3)

DEPENDENCIES:
  - OSC (from `../`)

SPEC REPOS:
  trunk:
    - AwaitKit
    - PromiseKit
    - SwiftyyJSON

EXTERNAL SOURCES:
  OSC:
    :path: "../"

SPEC CHECKSUMS:
  AwaitKit: d8a6e30eeb2da916630270b44636b31033388bd8
  OSC: 9ca3621b90b758d1b9577fd6859310dbf494e9ef
  PromiseKit: 625b1fc69944fc839503748101c5968cf54b527b
  SwiftyyJSON: ef3d37d200fec7a019c61f8da2a50e873c78dd05

PODFILE CHECKSUM: c901d07026a93aee57e22d70e10a408b2e8482bc

COCOAPODS: 1.14.3
